
Microsoft Visual Studio Solution File, Format Version 12.00
# Visual Studio Version 17
VisualStudioVersion = 17.0.31903.59
MinimumVisualStudioVersion = 10.0.40219.1
Project("{9A19103F-16F7-4668-BE54-9A1E7A4F7556}") = "App.Services.ShoppingCartAPI", "App.Services.ShoppingCartAPI\App.Services.ShoppingCartAPI.csproj", "{930C7A56-A890-4926-88CF-B860EC0994A2}"
EndProject
Project("{9A19103F-16F7-4668-BE54-9A1E7A4F7556}") = "App.Services.ProductAPI", "App.Services.ProductAPI\App.Services.ProductAPI.csproj", "{32F2F763-1E3D-4F75-9FF7-055BF359EFA6}"
EndProject
Project("{9A19103F-16F7-4668-BE54-9A1E7A4F7556}") = "App.Services.OrderAPI", "App.Services.OrderAPI\App.Services.OrderAPI.csproj", "{F046C125-0957-4195-BD5A-0BCFC982815B}"
EndProject
Project("{9A19103F-16F7-4668-BE54-9A1E7A4F7556}") = "App.Services.AuthAPI", "App.Services.AuthAPI\App.Services.AuthAPI.csproj", "{0BAB3B2C-99C2-4079-BF0E-687AB3A6A00B}"
EndProject
Project("{9A19103F-16F7-4668-BE54-9A1E7A4F7556}") = "App.APIGateway", "App.APIGateway\App.APIGateway.csproj", "{1C8A2020-EA57-48B5-985D-9B771A2A7D29}"
EndProject
Project("{9A19103F-16F7-4668-BE54-9A1E7A4F7556}") = "App.Services.EmailAPI", "App.Services.EmailAPI\App.Services.EmailAPI.csproj", "{9ABB39C4-CDBE-42E0-B5A1-4A40BD60AE7D}"
EndProject
Project("{9A19103F-16F7-4668-BE54-9A1E7A4F7556}") = "App.Services.RewardAPI", "App.Services.RewardAPI\App.Services.RewardAPI.csproj", "{B93C81C4-D4FF-4BEC-B9AB-A85D2DF968DB}"
EndProject
Project("{9A19103F-16F7-4668-BE54-9A1E7A4F7556}") = "App.Services.CouponAPI", "App.Services.CouponAPI\App.Services.CouponAPI.csproj", "{11199D60-2324-45C5-922E-D1DCD76B7D01}"
EndProject
Project("{9A19103F-16F7-4668-BE54-9A1E7A4F7556}") = "App.Services.Bus", "App.Services.Bus\App.Services.Bus.csproj", "{63E530B2-7DCB-4F75-A547-1D3EBB9B29DD}"
EndProject
Project("{2150E333-8FDC-42A3-9474-1A3956D46DE8}") = "domain", "domain", "{DA5F4E41-4C78-4C5C-A3F9-DCD287CC6538}"
EndProject
Project("{9A19103F-16F7-4668-BE54-9A1E7A4F7556}") = "App.Frontend", "domain\App.Frontend\App.Frontend.csproj", "{1F37323A-EF18-4240-8D12-1B684ECBAB34}"
EndProject
Project("{9A19103F-16F7-4668-BE54-9A1E7A4F7556}") = "App.Domain.Admin", "domain\App.Domain.Admin\App.Domain.Admin.csproj", "{C5641A7A-9C18-4AF5-B318-20C987BF43C1}"
EndProject
Global
	GlobalSection(SolutionConfigurationPlatforms) = preSolution
		Debug|Any CPU = Debug|Any CPU
		Release|Any CPU = Release|Any CPU
	EndGlobalSection
	GlobalSection(ProjectConfigurationPlatforms) = postSolution
		{930C7A56-A890-4926-88CF-B860EC0994A2}.Debug|Any CPU.ActiveCfg = Debug|Any CPU
		{930C7A56-A890-4926-88CF-B860EC0994A2}.Debug|Any CPU.Build.0 = Debug|Any CPU
		{930C7A56-A890-4926-88CF-B860EC0994A2}.Release|Any CPU.ActiveCfg = Release|Any CPU
		{930C7A56-A890-4926-88CF-B860EC0994A2}.Release|Any CPU.Build.0 = Release|Any CPU
		{32F2F763-1E3D-4F75-9FF7-055BF359EFA6}.Debug|Any CPU.ActiveCfg = Debug|Any CPU
		{32F2F763-1E3D-4F75-9FF7-055BF359EFA6}.Debug|Any CPU.Build.0 = Debug|Any CPU
		{32F2F763-1E3D-4F75-9FF7-055BF359EFA6}.Release|Any CPU.ActiveCfg = Release|Any CPU
		{32F2F763-1E3D-4F75-9FF7-055BF359EFA6}.Release|Any CPU.Build.0 = Release|Any CPU
		{F046C125-0957-4195-BD5A-0BCFC982815B}.Debug|Any CPU.ActiveCfg = Debug|Any CPU
		{F046C125-0957-4195-BD5A-0BCFC982815B}.Debug|Any CPU.Build.0 = Debug|Any CPU
		{F046C125-0957-4195-BD5A-0BCFC982815B}.Release|Any CPU.ActiveCfg = Release|Any CPU
		{F046C125-0957-4195-BD5A-0BCFC982815B}.Release|Any CPU.Build.0 = Release|Any CPU
		{0BAB3B2C-99C2-4079-BF0E-687AB3A6A00B}.Debug|Any CPU.ActiveCfg = Debug|Any CPU
		{0BAB3B2C-99C2-4079-BF0E-687AB3A6A00B}.Debug|Any CPU.Build.0 = Debug|Any CPU
		{0BAB3B2C-99C2-4079-BF0E-687AB3A6A00B}.Release|Any CPU.ActiveCfg = Release|Any CPU
		{0BAB3B2C-99C2-4079-BF0E-687AB3A6A00B}.Release|Any CPU.Build.0 = Release|Any CPU
		{1C8A2020-EA57-48B5-985D-9B771A2A7D29}.Debug|Any CPU.ActiveCfg = Debug|Any CPU
		{1C8A2020-EA57-48B5-985D-9B771A2A7D29}.Debug|Any CPU.Build.0 = Debug|Any CPU
		{1C8A2020-EA57-48B5-985D-9B771A2A7D29}.Release|Any CPU.ActiveCfg = Release|Any CPU
		{1C8A2020-EA57-48B5-985D-9B771A2A7D29}.Release|Any CPU.Build.0 = Release|Any CPU
		{9ABB39C4-CDBE-42E0-B5A1-4A40BD60AE7D}.Debug|Any CPU.ActiveCfg = Debug|Any CPU
		{9ABB39C4-CDBE-42E0-B5A1-4A40BD60AE7D}.Debug|Any CPU.Build.0 = Debug|Any CPU
		{9ABB39C4-CDBE-42E0-B5A1-4A40BD60AE7D}.Release|Any CPU.ActiveCfg = Release|Any CPU
		{9ABB39C4-CDBE-42E0-B5A1-4A40BD60AE7D}.Release|Any CPU.Build.0 = Release|Any CPU
		{B93C81C4-D4FF-4BEC-B9AB-A85D2DF968DB}.Debug|Any CPU.ActiveCfg = Debug|Any CPU
		{B93C81C4-D4FF-4BEC-B9AB-A85D2DF968DB}.Debug|Any CPU.Build.0 = Debug|Any CPU
		{B93C81C4-D4FF-4BEC-B9AB-A85D2DF968DB}.Release|Any CPU.ActiveCfg = Release|Any CPU
		{B93C81C4-D4FF-4BEC-B9AB-A85D2DF968DB}.Release|Any CPU.Build.0 = Release|Any CPU
		{11199D60-2324-45C5-922E-D1DCD76B7D01}.Debug|Any CPU.ActiveCfg = Debug|Any CPU
		{11199D60-2324-45C5-922E-D1DCD76B7D01}.Debug|Any CPU.Build.0 = Debug|Any CPU
		{11199D60-2324-45C5-922E-D1DCD76B7D01}.Release|Any CPU.ActiveCfg = Release|Any CPU
		{11199D60-2324-45C5-922E-D1DCD76B7D01}.Release|Any CPU.Build.0 = Release|Any CPU
		{63E530B2-7DCB-4F75-A547-1D3EBB9B29DD}.Debug|Any CPU.ActiveCfg = Debug|Any CPU
		{63E530B2-7DCB-4F75-A547-1D3EBB9B29DD}.Debug|Any CPU.Build.0 = Debug|Any CPU
		{63E530B2-7DCB-4F75-A547-1D3EBB9B29DD}.Release|Any CPU.ActiveCfg = Release|Any CPU
		{63E530B2-7DCB-4F75-A547-1D3EBB9B29DD}.Release|Any CPU.Build.0 = Release|Any CPU
		{1F37323A-EF18-4240-8D12-1B684ECBAB34}.Debug|Any CPU.ActiveCfg = Debug|Any CPU
		{1F37323A-EF18-4240-8D12-1B684ECBAB34}.Debug|Any CPU.Build.0 = Debug|Any CPU
		{1F37323A-EF18-4240-8D12-1B684ECBAB34}.Release|Any CPU.ActiveCfg = Release|Any CPU
		{1F37323A-EF18-4240-8D12-1B684ECBAB34}.Release|Any CPU.Build.0 = Release|Any CPU
		{C5641A7A-9C18-4AF5-B318-20C987BF43C1}.Debug|Any CPU.ActiveCfg = Debug|Any CPU
		{C5641A7A-9C18-4AF5-B318-20C987BF43C1}.Debug|Any CPU.Build.0 = Debug|Any CPU
		{C5641A7A-9C18-4AF5-B318-20C987BF43C1}.Release|Any CPU.ActiveCfg = Release|Any CPU
		{C5641A7A-9C18-4AF5-B318-20C987BF43C1}.Release|Any CPU.Build.0 = Release|Any CPU
	EndGlobalSection
	GlobalSection(SolutionProperties) = preSolution
		HideSolutionNode = FALSE
	EndGlobalSection
	GlobalSection(NestedProjects) = preSolution
		{1F37323A-EF18-4240-8D12-1B684ECBAB34} = {DA5F4E41-4C78-4C5C-A3F9-DCD287CC6538}
		{C5641A7A-9C18-4AF5-B318-20C987BF43C1} = {DA5F4E41-4C78-4C5C-A3F9-DCD287CC6538}
	EndGlobalSection
	GlobalSection(ExtensibilityGlobals) = postSolution
		SolutionGuid = {01B27745-48A3-40A2-AC2E-27DBE832E48D}
	EndGlobalSection
EndGlobal
