
Microsoft Visual Studio Solution File, Format Version 12.00
# Visual Studio Version 17
VisualStudioVersion = 17.0.31903.59
MinimumVisualStudioVersion = 10.0.40219.1
Project("{2150E333-8FDC-42A3-9474-1A3956D46DE8}") = "Frontend", "Frontend", "{73073AD2-419D-426D-9CF6-158DD5A11F52}"
EndProject
Project("{9A19103F-16F7-4668-BE54-9A1E7A4F7556}") = "App.UI", "Frontend\App.UI\App.UI.csproj", "{DAA6C5DC-37A2-478D-ADF0-8341B6B17D4A}"
EndProject
Project("{9A19103F-16F7-4668-BE54-9A1E7A4F7556}") = "App.Data", "Frontend\App.Data\App.Data.csproj", "{F61FBC54-4D92-48AB-B0D1-32546C36B0C1}"
EndProject
Project("{FAE04EC0-301F-11D3-BF4B-00C04F79EFBC}") = "testAPI", "testAPI\testAPI.csproj", "{25D94E24-5BF9-4E29-B15E-0F31B4D7E250}"
EndProject
Global
	GlobalSection(SolutionConfigurationPlatforms) = preSolution
		Debug|Any CPU = Debug|Any CPU
		Release|Any CPU = Release|Any CPU
	EndGlobalSection
	GlobalSection(ProjectConfigurationPlatforms) = postSolution
		{DAA6C5DC-37A2-478D-ADF0-8341B6B17D4A}.Debug|Any CPU.ActiveCfg = Debug|Any CPU
		{DAA6C5DC-37A2-478D-ADF0-8341B6B17D4A}.Debug|Any CPU.Build.0 = Debug|Any CPU
		{DAA6C5DC-37A2-478D-ADF0-8341B6B17D4A}.Release|Any CPU.ActiveCfg = Release|Any CPU
		{DAA6C5DC-37A2-478D-ADF0-8341B6B17D4A}.Release|Any CPU.Build.0 = Release|Any CPU
		{F61FBC54-4D92-48AB-B0D1-32546C36B0C1}.Debug|Any CPU.ActiveCfg = Debug|Any CPU
		{F61FBC54-4D92-48AB-B0D1-32546C36B0C1}.Debug|Any CPU.Build.0 = Debug|Any CPU
		{F61FBC54-4D92-48AB-B0D1-32546C36B0C1}.Release|Any CPU.ActiveCfg = Release|Any CPU
		{F61FBC54-4D92-48AB-B0D1-32546C36B0C1}.Release|Any CPU.Build.0 = Release|Any CPU
		{25D94E24-5BF9-4E29-B15E-0F31B4D7E250}.Debug|Any CPU.ActiveCfg = Debug|Any CPU
		{25D94E24-5BF9-4E29-B15E-0F31B4D7E250}.Debug|Any CPU.Build.0 = Debug|Any CPU
		{25D94E24-5BF9-4E29-B15E-0F31B4D7E250}.Release|Any CPU.ActiveCfg = Release|Any CPU
		{25D94E24-5BF9-4E29-B15E-0F31B4D7E250}.Release|Any CPU.Build.0 = Release|Any CPU
	EndGlobalSection
	GlobalSection(SolutionProperties) = preSolution
		HideSolutionNode = FALSE
	EndGlobalSection
	GlobalSection(NestedProjects) = preSolution
		{DAA6C5DC-37A2-478D-ADF0-8341B6B17D4A} = {73073AD2-419D-426D-9CF6-158DD5A11F52}
		{F61FBC54-4D92-48AB-B0D1-32546C36B0C1} = {73073AD2-419D-426D-9CF6-158DD5A11F52}
	EndGlobalSection
EndGlobal
