
Microsoft Visual Studio Solution File, Format Version 12.00
# Visual Studio Version 17
VisualStudioVersion = 17.0.31903.59
MinimumVisualStudioVersion = 10.0.40219.1
Project("{9A19103F-16F7-4668-BE54-9A1E7A4F7556}") = "App.Services.ShoppingCartAPI", "App.Services.ShoppingCartAPI\App.Services.ShoppingCartAPI.csproj", "{930C7A56-A890-4926-88CF-B860EC0994A2}"
EndProject
Project("{9A19103F-16F7-4668-BE54-9A1E7A4F7556}") = "App.Services.ProductAPI", "App.Services.ProductAPI\App.Services.ProductAPI.csproj", "{32F2F763-1E3D-4F75-9FF7-055BF359EFA6}"
EndProject
Project("{9A19103F-16F7-4668-BE54-9A1E7A4F7556}") = "App.Services.OrderAPI", "App.Services.OrderAPI\App.Services.OrderAPI.csproj", "{F046C125-0957-4195-BD5A-0BCFC982815B}"
EndProject
Project("{9A19103F-16F7-4668-BE54-9A1E7A4F7556}") = "App.Services.AuthAPI", "App.Services.AuthAPI\App.Services.AuthAPI.csproj", "{0BAB3B2C-99C2-4079-BF0E-687AB3A6A00B}"
EndProject
Project("{9A19103F-16F7-4668-BE54-9A1E7A4F7556}") = "App.Frontend", "App.Frontend\App.Frontend.csproj", "{BA87AF52-A7BE-4B9B-A956-C9D956CF6ECA}"
EndProject
Project("{FAE04EC0-301F-11D3-BF4B-00C04F79EFBC}") = "App.APIGateway", "App.APIGateway\App.APIGateway.csproj", "{1C8A2020-EA57-48B5-985D-9B771A2A7D29}"
EndProject
Global
	GlobalSection(SolutionConfigurationPlatforms) = preSolution
		Debug|Any CPU = Debug|Any CPU
		Release|Any CPU = Release|Any CPU
	EndGlobalSection
	GlobalSection(ProjectConfigurationPlatforms) = postSolution
		{930C7A56-A890-4926-88CF-B860EC0994A2}.Debug|Any CPU.ActiveCfg = Debug|Any CPU
		{930C7A56-A890-4926-88CF-B860EC0994A2}.Debug|Any CPU.Build.0 = Debug|Any CPU
		{930C7A56-A890-4926-88CF-B860EC0994A2}.Release|Any CPU.ActiveCfg = Release|Any CPU
		{930C7A56-A890-4926-88CF-B860EC0994A2}.Release|Any CPU.Build.0 = Release|Any CPU
		{32F2F763-1E3D-4F75-9FF7-055BF359EFA6}.Debug|Any CPU.ActiveCfg = Debug|Any CPU
		{32F2F763-1E3D-4F75-9FF7-055BF359EFA6}.Debug|Any CPU.Build.0 = Debug|Any CPU
		{32F2F763-1E3D-4F75-9FF7-055BF359EFA6}.Release|Any CPU.ActiveCfg = Release|Any CPU
		{32F2F763-1E3D-4F75-9FF7-055BF359EFA6}.Release|Any CPU.Build.0 = Release|Any CPU
		{F046C125-0957-4195-BD5A-0BCFC982815B}.Debug|Any CPU.ActiveCfg = Debug|Any CPU
		{F046C125-0957-4195-BD5A-0BCFC982815B}.Debug|Any CPU.Build.0 = Debug|Any CPU
		{F046C125-0957-4195-BD5A-0BCFC982815B}.Release|Any CPU.ActiveCfg = Release|Any CPU
		{F046C125-0957-4195-BD5A-0BCFC982815B}.Release|Any CPU.Build.0 = Release|Any CPU
		{0BAB3B2C-99C2-4079-BF0E-687AB3A6A00B}.Debug|Any CPU.ActiveCfg = Debug|Any CPU
		{0BAB3B2C-99C2-4079-BF0E-687AB3A6A00B}.Debug|Any CPU.Build.0 = Debug|Any CPU
		{0BAB3B2C-99C2-4079-BF0E-687AB3A6A00B}.Release|Any CPU.ActiveCfg = Release|Any CPU
		{0BAB3B2C-99C2-4079-BF0E-687AB3A6A00B}.Release|Any CPU.Build.0 = Release|Any CPU
		{BA87AF52-A7BE-4B9B-A956-C9D956CF6ECA}.Debug|Any CPU.ActiveCfg = Debug|Any CPU
		{BA87AF52-A7BE-4B9B-A956-C9D956CF6ECA}.Debug|Any CPU.Build.0 = Debug|Any CPU
		{BA87AF52-A7BE-4B9B-A956-C9D956CF6ECA}.Release|Any CPU.ActiveCfg = Release|Any CPU
		{BA87AF52-A7BE-4B9B-A956-C9D956CF6ECA}.Release|Any CPU.Build.0 = Release|Any CPU
		{1C8A2020-EA57-48B5-985D-9B771A2A7D29}.Debug|Any CPU.ActiveCfg = Debug|Any CPU
		{1C8A2020-EA57-48B5-985D-9B771A2A7D29}.Debug|Any CPU.Build.0 = Debug|Any CPU
		{1C8A2020-EA57-48B5-985D-9B771A2A7D29}.Release|Any CPU.ActiveCfg = Release|Any CPU
		{1C8A2020-EA57-48B5-985D-9B771A2A7D29}.Release|Any CPU.Build.0 = Release|Any CPU
	EndGlobalSection
	GlobalSection(SolutionProperties) = preSolution
		HideSolutionNode = FALSE
	EndGlobalSection
EndGlobal
